// !$*UTF8*$!
{
	archiveVersion = 1;
	classes = {
	};
	objectVersion = 46;
	objects = {

/* Begin PBXBuildFile section */
		7D04AF8A1A87F27A004FF3D8 /* TripSvcArchive.m in Sources */ = {isa = PBXBuildFile; fileRef = 7D04AF891A87F27A004FF3D8 /* TripSvcArchive.m */; };
		7D6F3E741A7EB9A3006370F7 /* SecondViewController.m in Sources */ = {isa = PBXBuildFile; fileRef = 7D6F3E731A7EB9A3006370F7 /* SecondViewController.m */; };
		7DC746841A75A2840040B512 /* main.m in Sources */ = {isa = PBXBuildFile; fileRef = 7DC746831A75A2840040B512 /* main.m */; };
		7DC746871A75A2840040B512 /* AppDelegate.m in Sources */ = {isa = PBXBuildFile; fileRef = 7DC746861A75A2840040B512 /* AppDelegate.m */; };
		7DC7468A1A75A2840040B512 /* ViewController.m in Sources */ = {isa = PBXBuildFile; fileRef = 7DC746891A75A2840040B512 /* ViewController.m */; };
		7DC7468D1A75A2840040B512 /* Main.storyboard in Resources */ = {isa = PBXBuildFile; fileRef = 7DC7468B1A75A2840040B512 /* Main.storyboard */; };
		7DC7468F1A75A2840040B512 /* Images.xcassets in Resources */ = {isa = PBXBuildFile; fileRef = 7DC7468E1A75A2840040B512 /* Images.xcassets */; };
		7DC746921A75A2840040B512 /* LaunchScreen.xib in Resources */ = {isa = PBXBuildFile; fileRef = 7DC746901A75A2840040B512 /* LaunchScreen.xib */; };
		7DC7469E1A75A2840040B512 /* ExpenseItTests.m in Sources */ = {isa = PBXBuildFile; fileRef = 7DC7469D1A75A2840040B512 /* ExpenseItTests.m */; };
		7DC746AA1A75C10B0040B512 /* Trip.m in Sources */ = {isa = PBXBuildFile; fileRef = 7DC746A91A75C10B0040B512 /* Trip.m */; };
		7DC746AE1A75C3F60040B512 /* TripSvcCache.m in Sources */ = {isa = PBXBuildFile; fileRef = 7DC746AD1A75C3F60040B512 /* TripSvcCache.m */; };
/* End PBXBuildFile section */

/* Begin PBXContainerItemProxy section */
		7DC746981A75A2840040B512 /* PBXContainerItemProxy */ = {
			isa = PBXContainerItemProxy;
			containerPortal = 7DC746761A75A2840040B512 /* Project object */;
			proxyType = 1;
			remoteGlobalIDString = 7DC7467D1A75A2840040B512;
			remoteInfo = ExpenseIt;
		};
/* End PBXContainerItemProxy section */

/* Begin PBXFileReference section */
		7D04AF881A87F27A004FF3D8 /* TripSvcArchive.h */ = {isa = PBXFileReference; fileEncoding = 4; lastKnownFileType = sourcecode.c.h; path = TripSvcArchive.h; sourceTree = "<group>"; };
		7D04AF891A87F27A004FF3D8 /* TripSvcArchive.m */ = {isa = PBXFileReference; fileEncoding = 4; lastKnownFileType = sourcecode.c.objc; path = TripSvcArchive.m; sourceTree = "<group>"; };
		7D6F3E721A7EB9A3006370F7 /* SecondViewController.h */ = {isa = PBXFileReference; fileEncoding = 4; lastKnownFileType = sourcecode.c.h; path = SecondViewController.h; sourceTree = "<group>"; };
		7D6F3E731A7EB9A3006370F7 /* SecondViewController.m */ = {isa = PBXFileReference; fileEncoding = 4; lastKnownFileType = sourcecode.c.objc; path = SecondViewController.m; sourceTree = "<group>"; };
		7DC7467E1A75A2840040B512 /* ExpenseIt.app */ = {isa = PBXFileReference; explicitFileType = wrapper.application; includeInIndex = 0; path = ExpenseIt.app; sourceTree = BUILT_PRODUCTS_DIR; };
		7DC746821A75A2840040B512 /* Info.plist */ = {isa = PBXFileReference; lastKnownFileType = text.plist.xml; path = Info.plist; sourceTree = "<group>"; };
		7DC746831A75A2840040B512 /* main.m */ = {isa = PBXFileReference; lastKnownFileType = sourcecode.c.objc; path = main.m; sourceTree = "<group>"; };
		7DC746851A75A2840040B512 /* AppDelegate.h */ = {isa = PBXFileReference; lastKnownFileType = sourcecode.c.h; path = AppDelegate.h; sourceTree = "<group>"; };
		7DC746861A75A2840040B512 /* AppDelegate.m */ = {isa = PBXFileReference; lastKnownFileType = sourcecode.c.objc; path = AppDelegate.m; sourceTree = "<group>"; };
		7DC746881A75A2840040B512 /* ViewController.h */ = {isa = PBXFileReference; lastKnownFileType = sourcecode.c.h; path = ViewController.h; sourceTree = "<group>"; };
		7DC746891A75A2840040B512 /* ViewController.m */ = {isa = PBXFileReference; lastKnownFileType = sourcecode.c.objc; path = ViewController.m; sourceTree = "<group>"; };
		7DC7468C1A75A2840040B512 /* Base */ = {isa = PBXFileReference; lastKnownFileType = file.storyboard; name = Base; path = Base.lproj/Main.storyboard; sourceTree = "<group>"; };
		7DC7468E1A75A2840040B512 /* Images.xcassets */ = {isa = PBXFileReference; lastKnownFileType = folder.assetcatalog; path = Images.xcassets; sourceTree = "<group>"; };
		7DC746911A75A2840040B512 /* Base */ = {isa = PBXFileReference; lastKnownFileType = file.xib; name = Base; path = Base.lproj/LaunchScreen.xib; sourceTree = "<group>"; };
		7DC746971A75A2840040B512 /* ExpenseItTests.xctest */ = {isa = PBXFileReference; explicitFileType = wrapper.cfbundle; includeInIndex = 0; path = ExpenseItTests.xctest; sourceTree = BUILT_PRODUCTS_DIR; };
		7DC7469C1A75A2840040B512 /* Info.plist */ = {isa = PBXFileReference; lastKnownFileType = text.plist.xml; path = Info.plist; sourceTree = "<group>"; };
		7DC7469D1A75A2840040B512 /* ExpenseItTests.m */ = {isa = PBXFileReference; lastKnownFileType = sourcecode.c.objc; path = ExpenseItTests.m; sourceTree = "<group>"; };
		7DC746A81A75C10B0040B512 /* Trip.h */ = {isa = PBXFileReference; fileEncoding = 4; lastKnownFileType = sourcecode.c.h; path = Trip.h; sourceTree = "<group>"; };
		7DC746A91A75C10B0040B512 /* Trip.m */ = {isa = PBXFileReference; fileEncoding = 4; lastKnownFileType = sourcecode.c.objc; path = Trip.m; sourceTree = "<group>"; };
		7DC746AB1A75C2980040B512 /* TripSvc.h */ = {isa = PBXFileReference; fileEncoding = 4; lastKnownFileType = sourcecode.c.h; path = TripSvc.h; sourceTree = "<group>"; };
		7DC746AC1A75C3F60040B512 /* TripSvcCache.h */ = {isa = PBXFileReference; fileEncoding = 4; lastKnownFileType = sourcecode.c.h; path = TripSvcCache.h; sourceTree = "<group>"; };
		7DC746AD1A75C3F60040B512 /* TripSvcCache.m */ = {isa = PBXFileReference; fileEncoding = 4; lastKnownFileType = sourcecode.c.objc; path = TripSvcCache.m; sourceTree = "<group>"; };
/* End PBXFileReference section */

/* Begin PBXFrameworksBuildPhase section */
		7DC7467B1A75A2840040B512 /* Frameworks */ = {
			isa = PBXFrameworksBuildPhase;
			buildActionMask = 2147483647;
			files = (
			);
			runOnlyForDeploymentPostprocessing = 0;
		};
		7DC746941A75A2840040B512 /* Frameworks */ = {
			isa = PBXFrameworksBuildPhase;
			buildActionMask = 2147483647;
			files = (
			);
			runOnlyForDeploymentPostprocessing = 0;
		};
/* End PBXFrameworksBuildPhase section */

/* Begin PBXGroup section */
		7DC746751A75A2840040B512 = {
			isa = PBXGroup;
			children = (
				7DC746801A75A2840040B512 /* ExpenseIt */,
				7DC7469A1A75A2840040B512 /* ExpenseItTests */,
				7DC7467F1A75A2840040B512 /* Products */,
			);
			sourceTree = "<group>";
		};
		7DC7467F1A75A2840040B512 /* Products */ = {
			isa = PBXGroup;
			children = (
				7DC7467E1A75A2840040B512 /* ExpenseIt.app */,
				7DC746971A75A2840040B512 /* ExpenseItTests.xctest */,
			);
			name = Products;
			sourceTree = "<group>";
		};
		7DC746801A75A2840040B512 /* ExpenseIt */ = {
			isa = PBXGroup;
			children = (
				7DC746A71A75C0D90040B512 /* Model */,
				7DC746851A75A2840040B512 /* AppDelegate.h */,
				7DC746861A75A2840040B512 /* AppDelegate.m */,
				7DC746881A75A2840040B512 /* ViewController.h */,
				7DC746891A75A2840040B512 /* ViewController.m */,
				7DC7468B1A75A2840040B512 /* Main.storyboard */,
				7DC7468E1A75A2840040B512 /* Images.xcassets */,
				7DC746901A75A2840040B512 /* LaunchScreen.xib */,
				7DC746811A75A2840040B512 /* Supporting Files */,
				7D6F3E721A7EB9A3006370F7 /* SecondViewController.h */,
				7D6F3E731A7EB9A3006370F7 /* SecondViewController.m */,
			);
			path = ExpenseIt;
			sourceTree = "<group>";
		};
		7DC746811A75A2840040B512 /* Supporting Files */ = {
			isa = PBXGroup;
			children = (
				7DC746821A75A2840040B512 /* Info.plist */,
				7DC746831A75A2840040B512 /* main.m */,
			);
			name = "Supporting Files";
			sourceTree = "<group>";
		};
		7DC7469A1A75A2840040B512 /* ExpenseItTests */ = {
			isa = PBXGroup;
			children = (
				7DC7469D1A75A2840040B512 /* ExpenseItTests.m */,
				7DC7469B1A75A2840040B512 /* Supporting Files */,
			);
			path = ExpenseItTests;
			sourceTree = "<group>";
		};
		7DC7469B1A75A2840040B512 /* Supporting Files */ = {
			isa = PBXGroup;
			children = (
				7DC7469C1A75A2840040B512 /* Info.plist */,
			);
			name = "Supporting Files";
			sourceTree = "<group>";
		};
		7DC746A71A75C0D90040B512 /* Model */ = {
			isa = PBXGroup;
			children = (
				7DC746A81A75C10B0040B512 /* Trip.h */,
				7DC746A91A75C10B0040B512 /* Trip.m */,
				7DC746AB1A75C2980040B512 /* TripSvc.h */,
				7DC746AC1A75C3F60040B512 /* TripSvcCache.h */,
				7DC746AD1A75C3F60040B512 /* TripSvcCache.m */,
				7D04AF881A87F27A004FF3D8 /* TripSvcArchive.h */,
				7D04AF891A87F27A004FF3D8 /* TripSvcArchive.m */,
			);
			name = Model;
			sourceTree = "<group>";
		};
/* End PBXGroup section */

/* Begin PBXNativeTarget section */
		7DC7467D1A75A2840040B512 /* ExpenseIt */ = {
			isa = PBXNativeTarget;
			buildConfigurationList = 7DC746A11A75A2840040B512 /* Build configuration list for PBXNativeTarget "ExpenseIt" */;
			buildPhases = (
				7DC7467A1A75A2840040B512 /* Sources */,
				7DC7467B1A75A2840040B512 /* Frameworks */,
				7DC7467C1A75A2840040B512 /* Resources */,
			);
			buildRules = (
			);
			dependencies = (
			);
			name = ExpenseIt;
			productName = ExpenseIt;
			productReference = 7DC7467E1A75A2840040B512 /* ExpenseIt.app */;
			productType = "com.apple.product-type.application";
		};
		7DC746961A75A2840040B512 /* ExpenseItTests */ = {
			isa = PBXNativeTarget;
			buildConfigurationList = 7DC746A41A75A2840040B512 /* Build configuration list for PBXNativeTarget "ExpenseItTests" */;
			buildPhases = (
				7DC746931A75A2840040B512 /* Sources */,
				7DC746941A75A2840040B512 /* Frameworks */,
				7DC746951A75A2840040B512 /* Resources */,
			);
			buildRules = (
			);
			dependencies = (
				7DC746991A75A2840040B512 /* PBXTargetDependency */,
			);
			name = ExpenseItTests;
			productName = ExpenseItTests;
			productReference = 7DC746971A75A2840040B512 /* ExpenseItTests.xctest */;
			productType = "com.apple.product-type.bundle.unit-test";
		};
/* End PBXNativeTarget section */

/* Begin PBXProject section */
		7DC746761A75A2840040B512 /* Project object */ = {
			isa = PBXProject;
			attributes = {
				LastUpgradeCheck = 0610;
				ORGANIZATIONNAME = msse650;
				TargetAttributes = {
					7DC7467D1A75A2840040B512 = {
						CreatedOnToolsVersion = 6.1.1;
					};
					7DC746961A75A2840040B512 = {
						CreatedOnToolsVersion = 6.1.1;
						TestTargetID = 7DC7467D1A75A2840040B512;
					};
				};
			};
			buildConfigurationList = 7DC746791A75A2840040B512 /* Build configuration list for PBXProject "ExpenseIt" */;
			compatibilityVersion = "Xcode 3.2";
			developmentRegion = English;
			hasScannedForEncodings = 0;
			knownRegions = (
				en,
				Base,
			);
			mainGroup = 7DC746751A75A2840040B512;
			productRefGroup = 7DC7467F1A75A2840040B512 /* Products */;
			projectDirPath = "";
			projectRoot = "";
			targets = (
				7DC7467D1A75A2840040B512 /* ExpenseIt */,
				7DC746961A75A2840040B512 /* ExpenseItTests */,
			);
		};
/* End PBXProject section */

/* Begin PBXResourcesBuildPhase section */
		7DC7467C1A75A2840040B512 /* Resources */ = {
			isa = PBXResourcesBuildPhase;
			buildActionMask = 2147483647;
			files = (
				7DC7468D1A75A2840040B512 /* Main.storyboard in Resources */,
				7DC746921A75A2840040B512 /* LaunchScreen.xib in Resources */,
				7DC7468F1A75A2840040B512 /* Images.xcassets in Resources */,
			);
			runOnlyForDeploymentPostprocessing = 0;
		};
		7DC746951A75A2840040B512 /* Resources */ = {
			isa = PBXResourcesBuildPhase;
			buildActionMask = 2147483647;
			files = (
			);
			runOnlyForDeploymentPostprocessing = 0;
		};
/* End PBXResourcesBuildPhase section */

/* Begin PBXSourcesBuildPhase section */
		7DC7467A1A75A2840040B512 /* Sources */ = {
			isa = PBXSourcesBuildPhase;
			buildActionMask = 2147483647;
			files = (
				7D6F3E741A7EB9A3006370F7 /* SecondViewController.m in Sources */,
				7DC746AA1A75C10B0040B512 /* Trip.m in Sources */,
				7DC7468A1A75A2840040B512 /* ViewController.m in Sources */,
				7D04AF8A1A87F27A004FF3D8 /* TripSvcArchive.m in Sources */,
				7DC746871A75A2840040B512 /* AppDelegate.m in Sources */,
				7DC746AE1A75C3F60040B512 /* TripSvcCache.m in Sources */,
				7DC746841A75A2840040B512 /* main.m in Sources */,
			);
			runOnlyForDeploymentPostprocessing = 0;
		};
		7DC746931A75A2840040B512 /* Sources */ = {
			isa = PBXSourcesBuildPhase;
			buildActionMask = 2147483647;
			files = (
				7DC7469E1A75A2840040B512 /* ExpenseItTests.m in Sources */,
			);
			runOnlyForDeploymentPostprocessing = 0;
		};
/* End PBXSourcesBuildPhase section */

/* Begin PBXTargetDependency section */
		7DC746991A75A2840040B512 /* PBXTargetDependency */ = {
			isa = PBXTargetDependency;
			target = 7DC7467D1A75A2840040B512 /* ExpenseIt */;
			targetProxy = 7DC746981A75A2840040B512 /* PBXContainerItemProxy */;
		};
/* End PBXTargetDependency section */

/* Begin PBXVariantGroup section */
		7DC7468B1A75A2840040B512 /* Main.storyboard */ = {
			isa = PBXVariantGroup;
			children = (
				7DC7468C1A75A2840040B512 /* Base */,
			);
			name = Main.storyboard;
			sourceTree = "<group>";
		};
		7DC746901A75A2840040B512 /* LaunchScreen.xib */ = {
			isa = PBXVariantGroup;
			children = (
				7DC746911A75A2840040B512 /* Base */,
			);
			name = LaunchScreen.xib;
			sourceTree = "<group>";
		};
/* End PBXVariantGroup section */

/* Begin XCBuildConfiguration section */
		7DC7469F1A75A2840040B512 /* Debug */ = {
			isa = XCBuildConfiguration;
			buildSettings = {
				ALWAYS_SEARCH_USER_PATHS = NO;
				CLANG_CXX_LANGUAGE_STANDARD = "gnu++0x";
				CLANG_CXX_LIBRARY = "libc++";
				CLANG_ENABLE_MODULES = YES;
				CLANG_ENABLE_OBJC_ARC = YES;
				CLANG_WARN_BOOL_CONVERSION = YES;
				CLANG_WARN_CONSTANT_CONVERSION = YES;
				CLANG_WARN_DIRECT_OBJC_ISA_USAGE = YES_ERROR;
				CLANG_WARN_EMPTY_BODY = YES;
				CLANG_WARN_ENUM_CONVERSION = YES;
				CLANG_WARN_INT_CONVERSION = YES;
				CLANG_WARN_OBJC_ROOT_CLASS = YES_ERROR;
				CLANG_WARN_UNREACHABLE_CODE = YES;
				CLANG_WARN__DUPLICATE_METHOD_MATCH = YES;
				"CODE_SIGN_IDENTITY[sdk=iphoneos*]" = "iPhone Developer";
				COPY_PHASE_STRIP = NO;
				ENABLE_STRICT_OBJC_MSGSEND = YES;
				GCC_C_LANGUAGE_STANDARD = gnu99;
				GCC_DYNAMIC_NO_PIC = NO;
				GCC_OPTIMIZATION_LEVEL = 0;
				GCC_PREPROCESSOR_DEFINITIONS = (
					"DEBUG=1",
					"$(inherited)",
				);
				GCC_SYMBOLS_PRIVATE_EXTERN = NO;
				GCC_WARN_64_TO_32_BIT_CONVERSION = YES;
				GCC_WARN_ABOUT_RETURN_TYPE = YES_ERROR;
				GCC_WARN_UNDECLARED_SELECTOR = YES;
				GCC_WARN_UNINITIALIZED_AUTOS = YES_AGGRESSIVE;
				GCC_WARN_UNUSED_FUNCTION = YES;
				GCC_WARN_UNUSED_VARIABLE = YES;
				IPHONEOS_DEPLOYMENT_TARGET = 8.1;
				MTL_ENABLE_DEBUG_INFO = YES;
				ONLY_ACTIVE_ARCH = YES;
				SDKROOT = iphoneos;
			};
			name = Debug;
		};
		7DC746A01A75A2840040B512 /* Release */ = {
			isa = XCBuildConfiguration;
			buildSettings = {
				ALWAYS_SEARCH_USER_PATHS = NO;
				CLANG_CXX_LANGUAGE_STANDARD = "gnu++0x";
				CLANG_CXX_LIBRARY = "libc++";
				CLANG_ENABLE_MODULES = YES;
				CLANG_ENABLE_OBJC_ARC = YES;
				CLANG_WARN_BOOL_CONVERSION = YES;
				CLANG_WARN_CONSTANT_CONVERSION = YES;
				CLANG_WARN_DIRECT_OBJC_ISA_USAGE = YES_ERROR;
				CLANG_WARN_EMPTY_BODY = YES;
				CLANG_WARN_ENUM_CONVERSION = YES;
				CLANG_WARN_INT_CONVERSION = YES;
				CLANG_WARN_OBJC_ROOT_CLASS = YES_ERROR;
				CLANG_WARN_UNREACHABLE_CODE = YES;
				CLANG_WARN__DUPLICATE_METHOD_MATCH = YES;
				"CODE_SIGN_IDENTITY[sdk=iphoneos*]" = "iPhone Developer";
				COPY_PHASE_STRIP = YES;
				ENABLE_NS_ASSERTIONS = NO;
				ENABLE_STRICT_OBJC_MSGSEND = YES;
				GCC_C_LANGUAGE_STANDARD = gnu99;
				GCC_WARN_64_TO_32_BIT_CONVERSION = YES;
				GCC_WARN_ABOUT_RETURN_TYPE = YES_ERROR;
				GCC_WARN_UNDECLARED_SELECTOR = YES;
				GCC_WARN_UNINITIALIZED_AUTOS = YES_AGGRESSIVE;
				GCC_WARN_UNUSED_FUNCTION = YES;
				GCC_WARN_UNUSED_VARIABLE = YES;
				IPHONEOS_DEPLOYMENT_TARGET = 8.1;
				MTL_ENABLE_DEBUG_INFO = NO;
				SDKROOT = iphoneos;
				VALIDATE_PRODUCT = YES;
			};
			name = Release;
		};
		7DC746A21A75A2840040B512 /* Debug */ = {
			isa = XCBuildConfiguration;
			buildSettings = {
				ASSETCATALOG_COMPILER_APPICON_NAME = AppIcon;
				INFOPLIST_FILE = ExpenseIt/Info.plist;
				LD_RUNPATH_SEARCH_PATHS = "$(inherited) @executable_path/Frameworks";
				PRODUCT_NAME = "$(TARGET_NAME)";
			};
			name = Debug;
		};
		7DC746A31A75A2840040B512 /* Release */ = {
			isa = XCBuildConfiguration;
			buildSettings = {
				ASSETCATALOG_COMPILER_APPICON_NAME = AppIcon;
				INFOPLIST_FILE = ExpenseIt/Info.plist;
				LD_RUNPATH_SEARCH_PATHS = "$(inherited) @executable_path/Frameworks";
				PRODUCT_NAME = "$(TARGET_NAME)";
			};
			name = Release;
		};
		7DC746A51A75A2840040B512 /* Debug */ = {
			isa = XCBuildConfiguration;
			buildSettings = {
				BUNDLE_LOADER = "$(TEST_HOST)";
				FRAMEWORK_SEARCH_PATHS = (
					"$(SDKROOT)/Developer/Library/Frameworks",
					"$(inherited)",
				);
				GCC_PREPROCESSOR_DEFINITIONS = (
					"DEBUG=1",
					"$(inherited)",
				);
				INFOPLIST_FILE = ExpenseItTests/Info.plist;
				LD_RUNPATH_SEARCH_PATHS = "$(inherited) @executable_path/Frameworks @loader_path/Frameworks";
				PRODUCT_NAME = "$(TARGET_NAME)";
				TEST_HOST = "$(BUILT_PRODUCTS_DIR)/ExpenseIt.app/ExpenseIt";
			};
			name = Debug;
		};
		7DC746A61A75A2840040B512 /* Release */ = {
			isa = XCBuildConfiguration;
			buildSettings = {
				BUNDLE_LOADER = "$(TEST_HOST)";
				FRAMEWORK_SEARCH_PATHS = (
					"$(SDKROOT)/Developer/Library/Frameworks",
					"$(inherited)",
				);
				INFOPLIST_FILE = ExpenseItTests/Info.plist;
				LD_RUNPATH_SEARCH_PATHS = "$(inherited) @executable_path/Frameworks @loader_path/Frameworks";
				PRODUCT_NAME = "$(TARGET_NAME)";
				TEST_HOST = "$(BUILT_PRODUCTS_DIR)/ExpenseIt.app/ExpenseIt";
			};
			name = Release;
		};
/* End XCBuildConfiguration section */

/* Begin XCConfigurationList section */
		7DC746791A75A2840040B512 /* Build configuration list for PBXProject "ExpenseIt" */ = {
			isa = XCConfigurationList;
			buildConfigurations = (
				7DC7469F1A75A2840040B512 /* Debug */,
				7DC746A01A75A2840040B512 /* Release */,
			);
			defaultConfigurationIsVisible = 0;
			defaultConfigurationName = Release;
		};
		7DC746A11A75A2840040B512 /* Build configuration list for PBXNativeTarget "ExpenseIt" */ = {
			isa = XCConfigurationList;
			buildConfigurations = (
				7DC746A21A75A2840040B512 /* Debug */,
				7DC746A31A75A2840040B512 /* Release */,
			);
			defaultConfigurationIsVisible = 0;
			defaultConfigurationName = Release;
		};
		7DC746A41A75A2840040B512 /* Build configuration list for PBXNativeTarget "ExpenseItTests" */ = {
			isa = XCConfigurationList;
			buildConfigurations = (
				7DC746A51A75A2840040B512 /* Debug */,
				7DC746A61A75A2840040B512 /* Release */,
			);
			defaultConfigurationIsVisible = 0;
			defaultConfigurationName = Release;
		};
/* End XCConfigurationList section */
	};
	rootObject = 7DC746761A75A2840040B512 /* Project object */;
}
